
Microsoft Visual Studio Solution File, Format Version 12.00
# Visual Studio Version 17
VisualStudioVersion = 17.14.36401.2
MinimumVisualStudioVersion = 10.0.40219.1
Project("{FAE04EC0-301F-11D3-BF4B-00C04F79EFBC}") = "PokemonVS1", "PokemonVS1\PokemonVS1.csproj", "{4D3743E4-6937-4A60-B5A6-6557F23B1765}"
EndProject
Project("{FAE04EC0-301F-11D3-BF4B-00C04F79EFBC}") = "service", "negocio\service.csproj", "{053E9C38-805A-4552-989A-81D8CE71855F}"
EndProject
Project("{FAE04EC0-301F-11D3-BF4B-00C04F79EFBC}") = "dominio", "dominio\dominio.csproj", "{9913F6CE-7FB0-4E88-A5E6-3981C4736155}"
EndProject
Global
	GlobalSection(SolutionConfigurationPlatforms) = preSolution
		Debug|Any CPU = Debug|Any CPU
		Release|Any CPU = Release|Any CPU
	EndGlobalSection
	GlobalSection(ProjectConfigurationPlatforms) = postSolution
		{4D3743E4-6937-4A60-B5A6-6557F23B1765}.Debug|Any CPU.ActiveCfg = Debug|Any CPU
		{4D3743E4-6937-4A60-B5A6-6557F23B1765}.Debug|Any CPU.Build.0 = Debug|Any CPU
		{4D3743E4-6937-4A60-B5A6-6557F23B1765}.Release|Any CPU.ActiveCfg = Release|Any CPU
		{4D3743E4-6937-4A60-B5A6-6557F23B1765}.Release|Any CPU.Build.0 = Release|Any CPU
		{053E9C38-805A-4552-989A-81D8CE71855F}.Debug|Any CPU.ActiveCfg = Debug|Any CPU
		{053E9C38-805A-4552-989A-81D8CE71855F}.Debug|Any CPU.Build.0 = Debug|Any CPU
		{053E9C38-805A-4552-989A-81D8CE71855F}.Release|Any CPU.ActiveCfg = Release|Any CPU
		{053E9C38-805A-4552-989A-81D8CE71855F}.Release|Any CPU.Build.0 = Release|Any CPU
		{9913F6CE-7FB0-4E88-A5E6-3981C4736155}.Debug|Any CPU.ActiveCfg = Debug|Any CPU
		{9913F6CE-7FB0-4E88-A5E6-3981C4736155}.Debug|Any CPU.Build.0 = Debug|Any CPU
		{9913F6CE-7FB0-4E88-A5E6-3981C4736155}.Release|Any CPU.ActiveCfg = Release|Any CPU
		{9913F6CE-7FB0-4E88-A5E6-3981C4736155}.Release|Any CPU.Build.0 = Release|Any CPU
	EndGlobalSection
	GlobalSection(SolutionProperties) = preSolution
		HideSolutionNode = FALSE
	EndGlobalSection
	GlobalSection(ExtensibilityGlobals) = postSolution
		SolutionGuid = {85B0374F-D523-459C-B089-7E0E1492EA8E}
	EndGlobalSection
EndGlobal
